// !$*UTF8*$!
{
	archiveVersion = 1;
	classes = {
	};
	objectVersion = 46;
	objects = {

/* Begin PBXBuildFile section */
		D40222831A14F0F600800AA7 /* main.c in Sources */ = {isa = PBXBuildFile; fileRef = D40222821A14F0F600800AA7 /* main.c */; };
		D40222911A14F19600800AA7 /* IOKit.framework in Frameworks */ = {isa = PBXBuildFile; fileRef = D40222901A14F19600800AA7 /* IOKit.framework */; };
		D40222931A14F19E00800AA7 /* CoreFoundation.framework in Frameworks */ = {isa = PBXBuildFile; fileRef = D40222921A14F19E00800AA7 /* CoreFoundation.framework */; };
/* End PBXBuildFile section */

/* Begin PBXCopyFilesBuildPhase section */
		D402227D1A14F0F600800AA7 /* CopyFiles */ = {
			isa = PBXCopyFilesBuildPhase;
			buildActionMask = 2147483647;
			dstPath = /usr/share/man/man1/;
			dstSubfolderSpec = 0;
			files = (
			);
			runOnlyForDeploymentPostprocessing = 1;
		};
/* End PBXCopyFilesBuildPhase section */

/* Begin PBXFileReference section */
		D402227F1A14F0F600800AA7 /* hda-verb */ = {isa = PBXFileReference; explicitFileType = "compiled.mach-o.executable"; includeInIndex = 0; path = "hda-verb"; sourceTree = BUILT_PRODUCTS_DIR; };
		D40222821A14F0F600800AA7 /* main.c */ = {isa = PBXFileReference; lastKnownFileType = sourcecode.c.c; path = main.c; sourceTree = "<group>"; };
		D40222901A14F19600800AA7 /* IOKit.framework */ = {isa = PBXFileReference; lastKnownFileType = wrapper.framework; name = IOKit.framework; path = System/Library/Frameworks/IOKit.framework; sourceTree = SDKROOT; };
		D40222921A14F19E00800AA7 /* CoreFoundation.framework */ = {isa = PBXFileReference; lastKnownFileType = wrapper.framework; name = CoreFoundation.framework; path = System/Library/Frameworks/CoreFoundation.framework; sourceTree = SDKROOT; };
		D40222941A1519CB00800AA7 /* hdaverb.h */ = {isa = PBXFileReference; lastKnownFileType = sourcecode.c.h; path = hdaverb.h; sourceTree = "<group>"; };
/* End PBXFileReference section */

/* Begin PBXFrameworksBuildPhase section */
		D402227C1A14F0F600800AA7 /* Frameworks */ = {
			isa = PBXFrameworksBuildPhase;
			buildActionMask = 2147483647;
			files = (
				D40222931A14F19E00800AA7 /* CoreFoundation.framework in Frameworks */,
				D40222911A14F19600800AA7 /* IOKit.framework in Frameworks */,
			);
			runOnlyForDeploymentPostprocessing = 0;
		};
/* End PBXFrameworksBuildPhase section */

/* Begin PBXGroup section */
		D40222761A14F0F600800AA7 = {
			isa = PBXGroup;
			children = (
				D40222921A14F19E00800AA7 /* CoreFoundation.framework */,
				D40222901A14F19600800AA7 /* IOKit.framework */,
				D40222811A14F0F600800AA7 /* CodecCommanderClient */,
				D40222801A14F0F600800AA7 /* Products */,
			);
			sourceTree = "<group>";
		};
		D40222801A14F0F600800AA7 /* Products */ = {
			isa = PBXGroup;
			children = (
				D402227F1A14F0F600800AA7 /* hda-verb */,
			);
			name = Products;
			sourceTree = "<group>";
		};
		D40222811A14F0F600800AA7 /* CodecCommanderClient */ = {
			isa = PBXGroup;
			children = (
				D40222821A14F0F600800AA7 /* main.c */,
				D40222941A1519CB00800AA7 /* hdaverb.h */,
			);
			path = CodecCommanderClient;
			sourceTree = "<group>";
		};
/* End PBXGroup section */

/* Begin PBXNativeTarget section */
		D402227E1A14F0F600800AA7 /* CodecCommanderClient */ = {
			isa = PBXNativeTarget;
			buildConfigurationList = D40222861A14F0F600800AA7 /* Build configuration list for PBXNativeTarget "CodecCommanderClient" */;
			buildPhases = (
				D402227B1A14F0F600800AA7 /* Sources */,
				D402227C1A14F0F600800AA7 /* Frameworks */,
				D402227D1A14F0F600800AA7 /* CopyFiles */,
			);
			buildRules = (
			);
			dependencies = (
			);
			name = CodecCommanderClient;
			productName = CodecCommanderClient;
			productReference = D402227F1A14F0F600800AA7 /* hda-verb */;
			productType = "com.apple.product-type.tool";
		};
/* End PBXNativeTarget section */

/* Begin PBXProject section */
		D40222771A14F0F600800AA7 /* Project object */ = {
			isa = PBXProject;
			attributes = {
				LastUpgradeCheck = 0610;
				TargetAttributes = {
					D402227E1A14F0F600800AA7 = {
						CreatedOnToolsVersion = 6.1;
					};
				};
			};
			buildConfigurationList = D402227A1A14F0F600800AA7 /* Build configuration list for PBXProject "CodecCommanderClient" */;
			compatibilityVersion = "Xcode 3.2";
			developmentRegion = English;
			hasScannedForEncodings = 0;
			knownRegions = (
				en,
			);
			mainGroup = D40222761A14F0F600800AA7;
			productRefGroup = D40222801A14F0F600800AA7 /* Products */;
			projectDirPath = "";
			projectRoot = "";
			targets = (
				D402227E1A14F0F600800AA7 /* CodecCommanderClient */,
			);
		};
/* End PBXProject section */

/* Begin PBXSourcesBuildPhase section */
		D402227B1A14F0F600800AA7 /* Sources */ = {
			isa = PBXSourcesBuildPhase;
			buildActionMask = 2147483647;
			files = (
				D40222831A14F0F600800AA7 /* main.c in Sources */,
			);
			runOnlyForDeploymentPostprocessing = 0;
		};
/* End PBXSourcesBuildPhase section */

/* Begin XCBuildConfiguration section */
		D40222841A14F0F600800AA7 /* Debug */ = {
			isa = XCBuildConfiguration;
			buildSettings = {
				ALWAYS_SEARCH_USER_PATHS = NO;
				CLANG_CXX_LANGUAGE_STANDARD = "gnu++0x";
				CLANG_CXX_LIBRARY = "libc++";
				CLANG_ENABLE_MODULES = YES;
				CLANG_ENABLE_OBJC_ARC = YES;
				CLANG_WARN_BOOL_CONVERSION = YES;
				CLANG_WARN_CONSTANT_CONVERSION = YES;
				CLANG_WARN_DIRECT_OBJC_ISA_USAGE = YES_ERROR;
				CLANG_WARN_EMPTY_BODY = YES;
				CLANG_WARN_ENUM_CONVERSION = YES;
				CLANG_WARN_INT_CONVERSION = YES;
				CLANG_WARN_OBJC_ROOT_CLASS = YES_ERROR;
				CLANG_WARN_UNREACHABLE_CODE = YES;
				CLANG_WARN__DUPLICATE_METHOD_MATCH = YES;
				COPY_PHASE_STRIP = NO;
				ENABLE_STRICT_OBJC_MSGSEND = YES;
				GCC_C_LANGUAGE_STANDARD = gnu99;
				GCC_DYNAMIC_NO_PIC = NO;
				GCC_OPTIMIZATION_LEVEL = 0;
				GCC_PREPROCESSOR_DEFINITIONS = (
					"DEBUG=1",
					"$(inherited)",
				);
				GCC_SYMBOLS_PRIVATE_EXTERN = NO;
				GCC_WARN_64_TO_32_BIT_CONVERSION = YES;
				GCC_WARN_ABOUT_RETURN_TYPE = YES_ERROR;
				GCC_WARN_UNDECLARED_SELECTOR = YES;
				GCC_WARN_UNINITIALIZED_AUTOS = YES_AGGRESSIVE;
				GCC_WARN_UNUSED_FUNCTION = YES;
				GCC_WARN_UNUSED_VARIABLE = YES;
				MACOSX_DEPLOYMENT_TARGET = 10.9;
				MTL_ENABLE_DEBUG_INFO = YES;
				ONLY_ACTIVE_ARCH = YES;
				SDKROOT = macosx10.9;
			};
			name = Debug;
		};
		D40222851A14F0F600800AA7 /* Release */ = {
			isa = XCBuildConfiguration;
			buildSettings = {
				ALWAYS_SEARCH_USER_PATHS = NO;
				CLANG_CXX_LANGUAGE_STANDARD = "gnu++0x";
				CLANG_CXX_LIBRARY = "libc++";
				CLANG_ENABLE_MODULES = YES;
				CLANG_ENABLE_OBJC_ARC = YES;
				CLANG_WARN_BOOL_CONVERSION = YES;
				CLANG_WARN_CONSTANT_CONVERSION = YES;
				CLANG_WARN_DIRECT_OBJC_ISA_USAGE = YES_ERROR;
				CLANG_WARN_EMPTY_BODY = YES;
				CLANG_WARN_ENUM_CONVERSION = YES;
				CLANG_WARN_INT_CONVERSION = YES;
				CLANG_WARN_OBJC_ROOT_CLASS = YES_ERROR;
				CLANG_WARN_UNREACHABLE_CODE = YES;
				CLANG_WARN__DUPLICATE_METHOD_MATCH = YES;
				COPY_PHASE_STRIP = YES;
				DEBUG_INFORMATION_FORMAT = "dwarf-with-dsym";
				ENABLE_NS_ASSERTIONS = NO;
				ENABLE_STRICT_OBJC_MSGSEND = YES;
				GCC_C_LANGUAGE_STANDARD = gnu99;
				GCC_WARN_64_TO_32_BIT_CONVERSION = YES;
				GCC_WARN_ABOUT_RETURN_TYPE = YES_ERROR;
				GCC_WARN_UNDECLARED_SELECTOR = YES;
				GCC_WARN_UNINITIALIZED_AUTOS = YES_AGGRESSIVE;
				GCC_WARN_UNUSED_FUNCTION = YES;
				GCC_WARN_UNUSED_VARIABLE = YES;
				MACOSX_DEPLOYMENT_TARGET = 10.9;
				MTL_ENABLE_DEBUG_INFO = NO;
				SDKROOT = macosx10.9;
			};
			name = Release;
		};
		D40222871A14F0F600800AA7 /* Debug */ = {
			isa = XCBuildConfiguration;
			buildSettings = {
				PRODUCT_NAME = "hda-verb";
			};
			name = Debug;
		};
		D40222881A14F0F600800AA7 /* Release */ = {
			isa = XCBuildConfiguration;
			buildSettings = {
				PRODUCT_NAME = "hda-verb";
			};
			name = Release;
		};
/* End XCBuildConfiguration section */

/* Begin XCConfigurationList section */
		D402227A1A14F0F600800AA7 /* Build configuration list for PBXProject "CodecCommanderClient" */ = {
			isa = XCConfigurationList;
			buildConfigurations = (
				D40222841A14F0F600800AA7 /* Debug */,
				D40222851A14F0F600800AA7 /* Release */,
			);
			defaultConfigurationIsVisible = 0;
			defaultConfigurationName = Release;
		};
		D40222861A14F0F600800AA7 /* Build configuration list for PBXNativeTarget "CodecCommanderClient" */ = {
			isa = XCConfigurationList;
			buildConfigurations = (
				D40222871A14F0F600800AA7 /* Debug */,
				D40222881A14F0F600800AA7 /* Release */,
			);
			defaultConfigurationIsVisible = 0;
			defaultConfigurationName = Release;
		};
/* End XCConfigurationList section */
	};
	rootObject = D40222771A14F0F600800AA7 /* Project object */;
}
