// !$*UTF8*$!
{
	archiveVersion = 1;
	classes = {
	};
	objectVersion = 46;
	objects = {

/* Begin PBXBuildFile section */
		0ABE527B189976190069716A /* PIOReadme in Resources */ = {isa = PBXBuildFile; fileRef = 0ABE527A189976190069716A /* PIOReadme */; };
		849921901600F4FC00CCDF3B /* CodecCommander.cpp in Sources */ = {isa = PBXBuildFile; fileRef = 8499218E1600F4FC00CCDF3B /* CodecCommander.cpp */; };
		849921911600F4FC00CCDF3B /* CodecCommander.h in Headers */ = {isa = PBXBuildFile; fileRef = 8499218F1600F4FC00CCDF3B /* CodecCommander.h */; };
		D404F1D61A124D5E008E6BFD /* Client.cpp in Sources */ = {isa = PBXBuildFile; fileRef = D404F1D51A124D5E008E6BFD /* Client.cpp */; };
		D40F6EDE1A73EC0A0064E146 /* CoreFoundation.framework in Frameworks */ = {isa = PBXBuildFile; fileRef = D40F6EDC1A73EBFD0064E146 /* CoreFoundation.framework */; };
		D42D3C081A59558C006C4C8C /* main.c in Sources */ = {isa = PBXBuildFile; fileRef = D42D3C071A59558C006C4C8C /* main.c */; };
		D42D3C0E1A595937006C4C8C /* IOKit.framework in Frameworks */ = {isa = PBXBuildFile; fileRef = D42D3C0D1A595937006C4C8C /* IOKit.framework */; };
		D4FA53E11A07C8E1000DD257 /* Configuration.cpp in Sources */ = {isa = PBXBuildFile; fileRef = D4FA53E01A07C8E1000DD257 /* Configuration.cpp */; };
		D4FB21F71A0CEBE1005D6019 /* IntelHDA.cpp in Sources */ = {isa = PBXBuildFile; fileRef = D4FB21F61A0CEBE1005D6019 /* IntelHDA.cpp */; };
		D4FD9E041A039E550095AA5A /* IntelHDA.h in Headers */ = {isa = PBXBuildFile; fileRef = D4FD9E031A039E550095AA5A /* IntelHDA.h */; };
/* End PBXBuildFile section */

/* Begin PBXCopyFilesBuildPhase section */
		D42D3C031A59558B006C4C8C /* CopyFiles */ = {
			isa = PBXCopyFilesBuildPhase;
			buildActionMask = 2147483647;
			dstPath = /usr/share/man/man1/;
			dstSubfolderSpec = 0;
			files = (
			);
			runOnlyForDeploymentPostprocessing = 1;
		};
/* End PBXCopyFilesBuildPhase section */

/* Begin PBXFileReference section */
		0ABE527A189976190069716A /* PIOReadme */ = {isa = PBXFileReference; fileEncoding = 4; lastKnownFileType = text; path = PIOReadme; sourceTree = "<group>"; };
		0AE84D9919B8306F00968A53 /* Kernel.framework */ = {isa = PBXFileReference; lastKnownFileType = wrapper.framework; name = Kernel.framework; path = System/Library/Frameworks/Kernel.framework; sourceTree = SDKROOT; };
		0C4B237E14598AD20080D960 /* CodecCommander.kext */ = {isa = PBXFileReference; explicitFileType = wrapper.cfbundle; includeInIndex = 0; path = CodecCommander.kext; sourceTree = BUILT_PRODUCTS_DIR; };
		0C4B238514598AD20080D960 /* CodecCommander-Info.plist */ = {isa = PBXFileReference; lastKnownFileType = text.plist.xml; path = "CodecCommander-Info.plist"; sourceTree = "<group>"; };
		0C4B238D14598AD20080D960 /* CodecCommander-Prefix.pch */ = {isa = PBXFileReference; lastKnownFileType = sourcecode.c.h; lineEnding = 0; path = "CodecCommander-Prefix.pch"; sourceTree = "<group>"; xcLanguageSpecificationIdentifier = xcode.lang.objc; };
		8499218E1600F4FC00CCDF3B /* CodecCommander.cpp */ = {isa = PBXFileReference; fileEncoding = 4; lastKnownFileType = sourcecode.cpp.cpp; lineEnding = 0; path = CodecCommander.cpp; sourceTree = "<group>"; usesTabs = 1; xcLanguageSpecificationIdentifier = xcode.lang.cpp; };
		8499218F1600F4FC00CCDF3B /* CodecCommander.h */ = {isa = PBXFileReference; fileEncoding = 4; lastKnownFileType = sourcecode.c.h; lineEnding = 0; path = CodecCommander.h; sourceTree = "<group>"; usesTabs = 1; xcLanguageSpecificationIdentifier = xcode.lang.objcpp; };
		D404F1D51A124D5E008E6BFD /* Client.cpp */ = {isa = PBXFileReference; fileEncoding = 4; lastKnownFileType = sourcecode.cpp.cpp; path = Client.cpp; sourceTree = "<group>"; };
		D40F6EDC1A73EBFD0064E146 /* CoreFoundation.framework */ = {isa = PBXFileReference; lastKnownFileType = wrapper.framework; name = CoreFoundation.framework; path = System/Library/Frameworks/CoreFoundation.framework; sourceTree = SDKROOT; };
		D42D3C051A59558B006C4C8C /* CodecCommanderClient */ = {isa = PBXFileReference; explicitFileType = "compiled.mach-o.executable"; includeInIndex = 0; path = CodecCommanderClient; sourceTree = BUILT_PRODUCTS_DIR; };
		D42D3C071A59558C006C4C8C /* main.c */ = {isa = PBXFileReference; lastKnownFileType = sourcecode.c.c; path = main.c; sourceTree = "<group>"; };
		D42D3C0C1A5955CA006C4C8C /* hdaverb.h */ = {isa = PBXFileReference; lastKnownFileType = sourcecode.c.h; path = hdaverb.h; sourceTree = "<group>"; };
		D42D3C0D1A595937006C4C8C /* IOKit.framework */ = {isa = PBXFileReference; lastKnownFileType = wrapper.framework; name = IOKit.framework; path = System/Library/Frameworks/IOKit.framework; sourceTree = SDKROOT; };
		D42D3C0F1A595B8D006C4C8C /* README.md */ = {isa = PBXFileReference; lastKnownFileType = net.daringfireball.markdown; path = README.md; sourceTree = "<group>"; };
		D4FA53DF1A07C83B000DD257 /* Configuration.h */ = {isa = PBXFileReference; lastKnownFileType = sourcecode.c.h; path = Configuration.h; sourceTree = "<group>"; };
		D4FA53E01A07C8E1000DD257 /* Configuration.cpp */ = {isa = PBXFileReference; fileEncoding = 4; lastKnownFileType = sourcecode.cpp.cpp; path = Configuration.cpp; sourceTree = "<group>"; };
		D4FB21F61A0CEBE1005D6019 /* IntelHDA.cpp */ = {isa = PBXFileReference; fileEncoding = 4; lastKnownFileType = sourcecode.cpp.cpp; path = IntelHDA.cpp; sourceTree = "<group>"; };
		D4FB21F81A0CED3E005D6019 /* Common.h */ = {isa = PBXFileReference; lastKnownFileType = sourcecode.c.h; path = Common.h; sourceTree = "<group>"; };
		D4FD9E031A039E550095AA5A /* IntelHDA.h */ = {isa = PBXFileReference; fileEncoding = 4; lastKnownFileType = sourcecode.c.h; lineEnding = 0; path = IntelHDA.h; sourceTree = "<group>"; usesTabs = 1; };
/* End PBXFileReference section */

/* Begin PBXFrameworksBuildPhase section */
		0C4B237914598AD20080D960 /* Frameworks */ = {
			isa = PBXFrameworksBuildPhase;
			buildActionMask = 2147483647;
			files = (
			);
			runOnlyForDeploymentPostprocessing = 0;
		};
		D42D3C021A59558B006C4C8C /* Frameworks */ = {
			isa = PBXFrameworksBuildPhase;
			buildActionMask = 2147483647;
			files = (
				D40F6EDE1A73EC0A0064E146 /* CoreFoundation.framework in Frameworks */,
				D42D3C0E1A595937006C4C8C /* IOKit.framework in Frameworks */,
			);
			runOnlyForDeploymentPostprocessing = 0;
		};
/* End PBXFrameworksBuildPhase section */

/* Begin PBXGroup section */
		0C4B237114598AD10080D960 = {
			isa = PBXGroup;
			children = (
				D42D3C0F1A595B8D006C4C8C /* README.md */,
				0C4B238314598AD20080D960 /* CodecCommander */,
				D42D3C061A59558C006C4C8C /* CodecCommanderClient */,
				0C4B238014598AD20080D960 /* Frameworks */,
				0C4B237F14598AD20080D960 /* Products */,
			);
			sourceTree = "<group>";
			usesTabs = 0;
		};
		0C4B237F14598AD20080D960 /* Products */ = {
			isa = PBXGroup;
			children = (
				0C4B237E14598AD20080D960 /* CodecCommander.kext */,
				D42D3C051A59558B006C4C8C /* CodecCommanderClient */,
			);
			name = Products;
			sourceTree = "<group>";
		};
		0C4B238014598AD20080D960 /* Frameworks */ = {
			isa = PBXGroup;
			children = (
				D40F6EDC1A73EBFD0064E146 /* CoreFoundation.framework */,
				D42D3C0D1A595937006C4C8C /* IOKit.framework */,
				0AE84D9919B8306F00968A53 /* Kernel.framework */,
			);
			name = Frameworks;
			sourceTree = "<group>";
		};
		0C4B238314598AD20080D960 /* CodecCommander */ = {
			isa = PBXGroup;
			children = (
				8499218F1600F4FC00CCDF3B /* CodecCommander.h */,
				D404F1D51A124D5E008E6BFD /* Client.cpp */,
				8499218E1600F4FC00CCDF3B /* CodecCommander.cpp */,
				0C4B238414598AD20080D960 /* Supporting Files */,
				D4FD9E031A039E550095AA5A /* IntelHDA.h */,
				D4FB21F61A0CEBE1005D6019 /* IntelHDA.cpp */,
				D4FA53DF1A07C83B000DD257 /* Configuration.h */,
				D4FA53E01A07C8E1000DD257 /* Configuration.cpp */,
				D4FB21F81A0CED3E005D6019 /* Common.h */,
			);
			path = CodecCommander;
			sourceTree = "<group>";
		};
		0C4B238414598AD20080D960 /* Supporting Files */ = {
			isa = PBXGroup;
			children = (
				0ABE527A189976190069716A /* PIOReadme */,
				0C4B238514598AD20080D960 /* CodecCommander-Info.plist */,
				0C4B238D14598AD20080D960 /* CodecCommander-Prefix.pch */,
			);
			name = "Supporting Files";
			sourceTree = "<group>";
		};
		D42D3C061A59558C006C4C8C /* CodecCommanderClient */ = {
			isa = PBXGroup;
			children = (
				D42D3C071A59558C006C4C8C /* main.c */,
				D42D3C0C1A5955CA006C4C8C /* hdaverb.h */,
			);
			path = CodecCommanderClient;
			sourceTree = "<group>";
		};
/* End PBXGroup section */

/* Begin PBXHeadersBuildPhase section */
		0C4B237A14598AD20080D960 /* Headers */ = {
			isa = PBXHeadersBuildPhase;
			buildActionMask = 2147483647;
			files = (
				849921911600F4FC00CCDF3B /* CodecCommander.h in Headers */,
				D4FD9E041A039E550095AA5A /* IntelHDA.h in Headers */,
			);
			runOnlyForDeploymentPostprocessing = 0;
		};
/* End PBXHeadersBuildPhase section */

/* Begin PBXNativeTarget section */
		0C4B237D14598AD20080D960 /* CodecCommander */ = {
			isa = PBXNativeTarget;
			buildConfigurationList = 0C4B239014598AD20080D960 /* Build configuration list for PBXNativeTarget "CodecCommander" */;
			buildPhases = (
				0C4B237814598AD20080D960 /* Sources */,
				0C4B237914598AD20080D960 /* Frameworks */,
				0C4B237A14598AD20080D960 /* Headers */,
				0C4B237B14598AD20080D960 /* Resources */,
				0C4B237C14598AD20080D960 /* Rez */,
			);
			buildRules = (
			);
			dependencies = (
			);
			name = CodecCommander;
			productName = CodecCommander;
			productReference = 0C4B237E14598AD20080D960 /* CodecCommander.kext */;
			productType = "com.apple.product-type.kernel-extension";
		};
		D42D3C041A59558B006C4C8C /* CodecCommanderClient */ = {
			isa = PBXNativeTarget;
			buildConfigurationList = D42D3C0B1A59558C006C4C8C /* Build configuration list for PBXNativeTarget "CodecCommanderClient" */;
			buildPhases = (
				D42D3C011A59558B006C4C8C /* Sources */,
				D42D3C021A59558B006C4C8C /* Frameworks */,
				D42D3C031A59558B006C4C8C /* CopyFiles */,
			);
			buildRules = (
			);
			dependencies = (
			);
			name = CodecCommanderClient;
			productName = CodecCommanderClient;
			productReference = D42D3C051A59558B006C4C8C /* CodecCommanderClient */;
			productType = "com.apple.product-type.tool";
		};
/* End PBXNativeTarget section */

/* Begin PBXProject section */
		0C4B237314598AD10080D960 /* Project object */ = {
			isa = PBXProject;
			attributes = {
				LastUpgradeCheck = 0610;
				TargetAttributes = {
					D42D3C041A59558B006C4C8C = {
						CreatedOnToolsVersion = 6.1.1;
					};
				};
			};
			buildConfigurationList = 0C4B237614598AD10080D960 /* Build configuration list for PBXProject "CodecCommander" */;
			compatibilityVersion = "Xcode 3.2";
			developmentRegion = English;
			hasScannedForEncodings = 0;
			knownRegions = (
				en,
			);
			mainGroup = 0C4B237114598AD10080D960;
			productRefGroup = 0C4B237F14598AD20080D960 /* Products */;
			projectDirPath = "";
			projectRoot = "";
			targets = (
				0C4B237D14598AD20080D960 /* CodecCommander */,
				D42D3C041A59558B006C4C8C /* CodecCommanderClient */,
			);
		};
/* End PBXProject section */

/* Begin PBXResourcesBuildPhase section */
		0C4B237B14598AD20080D960 /* Resources */ = {
			isa = PBXResourcesBuildPhase;
			buildActionMask = 2147483647;
			files = (
				0ABE527B189976190069716A /* PIOReadme in Resources */,
			);
			runOnlyForDeploymentPostprocessing = 0;
		};
/* End PBXResourcesBuildPhase section */

/* Begin PBXRezBuildPhase section */
		0C4B237C14598AD20080D960 /* Rez */ = {
			isa = PBXRezBuildPhase;
			buildActionMask = 2147483647;
			files = (
			);
			runOnlyForDeploymentPostprocessing = 0;
		};
/* End PBXRezBuildPhase section */

/* Begin PBXSourcesBuildPhase section */
		0C4B237814598AD20080D960 /* Sources */ = {
			isa = PBXSourcesBuildPhase;
			buildActionMask = 2147483647;
			files = (
				D4FA53E11A07C8E1000DD257 /* Configuration.cpp in Sources */,
				D4FB21F71A0CEBE1005D6019 /* IntelHDA.cpp in Sources */,
				D404F1D61A124D5E008E6BFD /* Client.cpp in Sources */,
				849921901600F4FC00CCDF3B /* CodecCommander.cpp in Sources */,
			);
			runOnlyForDeploymentPostprocessing = 0;
		};
		D42D3C011A59558B006C4C8C /* Sources */ = {
			isa = PBXSourcesBuildPhase;
			buildActionMask = 2147483647;
			files = (
				D42D3C081A59558C006C4C8C /* main.c in Sources */,
			);
			runOnlyForDeploymentPostprocessing = 0;
		};
/* End PBXSourcesBuildPhase section */

/* Begin XCBuildConfiguration section */
		0C4B238E14598AD20080D960 /* Debug */ = {
			isa = XCBuildConfiguration;
			buildSettings = {
				GCC_PREPROCESSOR_DEFINITIONS = (
					"DEBUG=1",
					"$(inherited)",
				);
				MACOSX_DEPLOYMENT_TARGET = 10.6;
				MODULE_VERSION = 2.2.1;
				ONLY_ACTIVE_ARCH = YES;
				SDKROOT = macosx10.6;
			};
			name = Debug;
		};
		0C4B238F14598AD20080D960 /* Release */ = {
			isa = XCBuildConfiguration;
			buildSettings = {
				MACOSX_DEPLOYMENT_TARGET = 10.6;
				MODULE_VERSION = 2.2.1;
				SDKROOT = macosx10.6;
			};
			name = Release;
		};
		0C4B239114598AD20080D960 /* Debug */ = {
			isa = XCBuildConfiguration;
			buildSettings = {
				GCC_PRECOMPILE_PREFIX_HEADER = YES;
				GCC_PREFIX_HEADER = "CodecCommander/CodecCommander-Prefix.pch";
				INFOPLIST_FILE = "CodecCommander/CodecCommander-Info.plist";
				MODULE_NAME = org.tw.CodecCommander;
				MODULE_VERSION = 2.2.1;
				PRODUCT_NAME = CodecCommander;
				STRIP_INSTALLED_PRODUCT = YES;
			};
			name = Debug;
		};
		0C4B239214598AD20080D960 /* Release */ = {
			isa = XCBuildConfiguration;
			buildSettings = {
				GCC_PRECOMPILE_PREFIX_HEADER = YES;
				GCC_PREFIX_HEADER = "CodecCommander/CodecCommander-Prefix.pch";
				INFOPLIST_FILE = "CodecCommander/CodecCommander-Info.plist";
				MODULE_NAME = org.tw.CodecCommander;
				MODULE_VERSION = 2.2.1;
				PRODUCT_NAME = CodecCommander;
				STRIP_INSTALLED_PRODUCT = YES;
			};
			name = Release;
		};
		D42D3C091A59558C006C4C8C /* Debug */ = {
			isa = XCBuildConfiguration;
			buildSettings = {
				MACOSX_DEPLOYMENT_TARGET = 10.6;
				ONLY_ACTIVE_ARCH = YES;
				PRODUCT_NAME = "$(TARGET_NAME)";
				SDKROOT = macosx10.6;
			};
			name = Debug;
		};
		D42D3C0A1A59558C006C4C8C /* Release */ = {
			isa = XCBuildConfiguration;
			buildSettings = {
				MACOSX_DEPLOYMENT_TARGET = 10.6;
				PRODUCT_NAME = "$(TARGET_NAME)";
				SDKROOT = macosx10.6;
			};
			name = Release;
		};
/* End XCBuildConfiguration section */

/* Begin XCConfigurationList section */
		0C4B237614598AD10080D960 /* Build configuration list for PBXProject "CodecCommander" */ = {
			isa = XCConfigurationList;
			buildConfigurations = (
				0C4B238E14598AD20080D960 /* Debug */,
				0C4B238F14598AD20080D960 /* Release */,
			);
			defaultConfigurationIsVisible = 0;
			defaultConfigurationName = Release;
		};
		0C4B239014598AD20080D960 /* Build configuration list for PBXNativeTarget "CodecCommander" */ = {
			isa = XCConfigurationList;
			buildConfigurations = (
				0C4B239114598AD20080D960 /* Debug */,
				0C4B239214598AD20080D960 /* Release */,
			);
			defaultConfigurationIsVisible = 0;
			defaultConfigurationName = Release;
		};
		D42D3C0B1A59558C006C4C8C /* Build configuration list for PBXNativeTarget "CodecCommanderClient" */ = {
			isa = XCConfigurationList;
			buildConfigurations = (
				D42D3C091A59558C006C4C8C /* Debug */,
				D42D3C0A1A59558C006C4C8C /* Release */,
			);
			defaultConfigurationIsVisible = 0;
			defaultConfigurationName = Release;
		};
/* End XCConfigurationList section */
	};
	rootObject = 0C4B237314598AD10080D960 /* Project object */;
}
